
Microsoft Visual Studio Solution File, Format Version 12.00
# Visual Studio 2013
VisualStudioVersion = 12.0.31101.0
MinimumVisualStudioVersion = 10.0.40219.1
Project("{FAE04EC0-301F-11D3-BF4B-00C04F79EFBC}") = "moduleservice", "moduleservice\moduleservice.csproj", "{583D714B-8823-44EA-8E75-F8177ED07F46}"
EndProject
Project("{FAE04EC0-301F-11D3-BF4B-00C04F79EFBC}") = "moduledata", "moduledata\moduledata.csproj", "{B128899A-9C60-44DF-A535-F437DA132F94}"
EndProject
Global
	GlobalSection(SolutionConfigurationPlatforms) = preSolution
		Debug|Any CPU = Debug|Any CPU
		Release|Any CPU = Release|Any CPU
	EndGlobalSection
	GlobalSection(ProjectConfigurationPlatforms) = postSolution
		{583D714B-8823-44EA-8E75-F8177ED07F46}.Debug|Any CPU.ActiveCfg = Debug|Any CPU
		{583D714B-8823-44EA-8E75-F8177ED07F46}.Debug|Any CPU.Build.0 = Debug|Any CPU
		{583D714B-8823-44EA-8E75-F8177ED07F46}.Release|Any CPU.ActiveCfg = Release|Any CPU
		{583D714B-8823-44EA-8E75-F8177ED07F46}.Release|Any CPU.Build.0 = Release|Any CPU
		{B128899A-9C60-44DF-A535-F437DA132F94}.Debug|Any CPU.ActiveCfg = Debug|Any CPU
		{B128899A-9C60-44DF-A535-F437DA132F94}.Debug|Any CPU.Build.0 = Debug|Any CPU
		{B128899A-9C60-44DF-A535-F437DA132F94}.Release|Any CPU.ActiveCfg = Release|Any CPU
		{B128899A-9C60-44DF-A535-F437DA132F94}.Release|Any CPU.Build.0 = Release|Any CPU
	EndGlobalSection
	GlobalSection(SolutionProperties) = preSolution
		HideSolutionNode = FALSE
	EndGlobalSection
EndGlobal
